<Solution>
  <Project Path="FitnessClub.Api.Host/FitnessClub.Api.Host.csproj" />
  <Project Path="FitnessClub.Application.Contracts/FitnessClub.Application.Contracts.csproj" />
  <Project Path="FitnessClub.Application/FitnessClub.Application.csproj" />
  <Project Path="FitnessClub.Domain.Shared/FitnessClub.Domain.Shared.csproj" />
  <Project Path="FitnessClub.Domain/FitnessClub.Domain.csproj" />
  <Project Path="FitnessClub.Tests/FitnessClub.Tests.csproj" />
</Solution>
